
Microsoft Visual Studio Solution File, Format Version 12.00
# Visual Studio 15
VisualStudioVersion = 15.0.27703.2035
MinimumVisualStudioVersion = 10.0.40219.1
Project("{FAE04EC0-301F-11D3-BF4B-00C04F79EFBC}") = "ManagerRestaurant", "ManagerRestaurant\ManagerRestaurant.csproj", "{3CE13E7C-7B14-4C18-B9B3-B8BC78173A9A}"
EndProject
Global
	GlobalSection(SolutionConfigurationPlatforms) = preSolution
		Debug|Any CPU = Debug|Any CPU
		Release|Any CPU = Release|Any CPU
	EndGlobalSection
	GlobalSection(ProjectConfigurationPlatforms) = postSolution
		{3CE13E7C-7B14-4C18-B9B3-B8BC78173A9A}.Debug|Any CPU.ActiveCfg = Debug|Any CPU
		{3CE13E7C-7B14-4C18-B9B3-B8BC78173A9A}.Debug|Any CPU.Build.0 = Debug|Any CPU
		{3CE13E7C-7B14-4C18-B9B3-B8BC78173A9A}.Release|Any CPU.ActiveCfg = Release|Any CPU
		{3CE13E7C-7B14-4C18-B9B3-B8BC78173A9A}.Release|Any CPU.Build.0 = Release|Any CPU
	EndGlobalSection
	GlobalSection(SolutionProperties) = preSolution
		HideSolutionNode = FALSE
	EndGlobalSection
	GlobalSection(ExtensibilityGlobals) = postSolution
		SolutionGuid = {3B6F2426-6367-469E-8490-35312EDAE50E}
	EndGlobalSection
EndGlobal
